// !$*UTF8*$!
{
	archiveVersion = 1;
	classes = {
	};
	objectVersion = 46;
	objects = {

/* Begin PBXBuildFile section */
		A873CBB41A0ADA0C00C66D77 /* PA3.cpp in Sources */ = {isa = PBXBuildFile; fileRef = A873CBB31A0ADA0C00C66D77 /* PA3.cpp */; };
/* End PBXBuildFile section */

/* Begin PBXCopyFilesBuildPhase section */
		A873CBAE1A0ADA0C00C66D77 /* CopyFiles */ = {
			isa = PBXCopyFilesBuildPhase;
			buildActionMask = 2147483647;
			dstPath = /usr/share/man/man1/;
			dstSubfolderSpec = 0;
			files = (
			);
			runOnlyForDeploymentPostprocessing = 1;
		};
/* End PBXCopyFilesBuildPhase section */

/* Begin PBXFileReference section */
		A873CBB01A0ADA0C00C66D77 /* PA3 */ = {isa = PBXFileReference; explicitFileType = "compiled.mach-o.executable"; includeInIndex = 0; path = PA3; sourceTree = BUILT_PRODUCTS_DIR; };
		A873CBB31A0ADA0C00C66D77 /* PA3.cpp */ = {isa = PBXFileReference; lastKnownFileType = sourcecode.cpp.cpp; path = PA3.cpp; sourceTree = "<group>"; };
/* End PBXFileReference section */

/* Begin PBXFrameworksBuildPhase section */
		A873CBAD1A0ADA0C00C66D77 /* Frameworks */ = {
			isa = PBXFrameworksBuildPhase;
			buildActionMask = 2147483647;
			files = (
			);
			runOnlyForDeploymentPostprocessing = 0;
		};
/* End PBXFrameworksBuildPhase section */

/* Begin PBXGroup section */
		A873CBA71A0ADA0C00C66D77 = {
			isa = PBXGroup;
			children = (
				A873CBB21A0ADA0C00C66D77 /* PA3 */,
				A873CBB11A0ADA0C00C66D77 /* Products */,
			);
			sourceTree = "<group>";
		};
		A873CBB11A0ADA0C00C66D77 /* Products */ = {
			isa = PBXGroup;
			children = (
				A873CBB01A0ADA0C00C66D77 /* PA3 */,
			);
			name = Products;
			sourceTree = "<group>";
		};
		A873CBB21A0ADA0C00C66D77 /* PA3 */ = {
			isa = PBXGroup;
			children = (
				A873CBB31A0ADA0C00C66D77 /* PA3.cpp */,
			);
			path = PA3;
			sourceTree = "<group>";
		};
/* End PBXGroup section */

/* Begin PBXNativeTarget section */
		A873CBAF1A0ADA0C00C66D77 /* PA3 */ = {
			isa = PBXNativeTarget;
			buildConfigurationList = A873CBB71A0ADA0C00C66D77 /* Build configuration list for PBXNativeTarget "PA3" */;
			buildPhases = (
				A873CBAC1A0ADA0C00C66D77 /* Sources */,
				A873CBAD1A0ADA0C00C66D77 /* Frameworks */,
				A873CBAE1A0ADA0C00C66D77 /* CopyFiles */,
			);
			buildRules = (
			);
			dependencies = (
			);
			name = PA3;
			productName = PA3;
			productReference = A873CBB01A0ADA0C00C66D77 /* PA3 */;
			productType = "com.apple.product-type.tool";
		};
/* End PBXNativeTarget section */

/* Begin PBXProject section */
		A873CBA81A0ADA0C00C66D77 /* Project object */ = {
			isa = PBXProject;
			attributes = {
				LastUpgradeCheck = 0610;
				ORGANIZATIONNAME = HAMtech;
				TargetAttributes = {
					A873CBAF1A0ADA0C00C66D77 = {
						CreatedOnToolsVersion = 6.1;
					};
				};
			};
			buildConfigurationList = A873CBAB1A0ADA0C00C66D77 /* Build configuration list for PBXProject "PA3" */;
			compatibilityVersion = "Xcode 3.2";
			developmentRegion = English;
			hasScannedForEncodings = 0;
			knownRegions = (
				en,
			);
			mainGroup = A873CBA71A0ADA0C00C66D77;
			productRefGroup = A873CBB11A0ADA0C00C66D77 /* Products */;
			projectDirPath = "";
			projectRoot = "";
			targets = (
				A873CBAF1A0ADA0C00C66D77 /* PA3 */,
			);
		};
/* End PBXProject section */

/* Begin PBXSourcesBuildPhase section */
		A873CBAC1A0ADA0C00C66D77 /* Sources */ = {
			isa = PBXSourcesBuildPhase;
			buildActionMask = 2147483647;
			files = (
				A873CBB41A0ADA0C00C66D77 /* PA3.cpp in Sources */,
			);
			runOnlyForDeploymentPostprocessing = 0;
		};
/* End PBXSourcesBuildPhase section */

/* Begin XCBuildConfiguration section */
		A873CBB51A0ADA0C00C66D77 /* Debug */ = {
			isa = XCBuildConfiguration;
			buildSettings = {
				ALWAYS_SEARCH_USER_PATHS = NO;
				CLANG_CXX_LANGUAGE_STANDARD = "gnu++0x";
				CLANG_CXX_LIBRARY = "libc++";
				CLANG_ENABLE_MODULES = YES;
				CLANG_ENABLE_OBJC_ARC = YES;
				CLANG_WARN_BOOL_CONVERSION = YES;
				CLANG_WARN_CONSTANT_CONVERSION = YES;
				CLANG_WARN_DIRECT_OBJC_ISA_USAGE = YES_ERROR;
				CLANG_WARN_EMPTY_BODY = YES;
				CLANG_WARN_ENUM_CONVERSION = YES;
				CLANG_WARN_INT_CONVERSION = YES;
				CLANG_WARN_OBJC_ROOT_CLASS = YES_ERROR;
				CLANG_WARN_UNREACHABLE_CODE = YES;
				CLANG_WARN__DUPLICATE_METHOD_MATCH = YES;
				COPY_PHASE_STRIP = NO;
				ENABLE_STRICT_OBJC_MSGSEND = YES;
				GCC_C_LANGUAGE_STANDARD = gnu99;
				GCC_DYNAMIC_NO_PIC = NO;
				GCC_OPTIMIZATION_LEVEL = 0;
				GCC_PREPROCESSOR_DEFINITIONS = (
					"DEBUG=1",
					"$(inherited)",
				);
				GCC_SYMBOLS_PRIVATE_EXTERN = NO;
				GCC_WARN_64_TO_32_BIT_CONVERSION = YES;
				GCC_WARN_ABOUT_RETURN_TYPE = YES_ERROR;
				GCC_WARN_UNDECLARED_SELECTOR = YES;
				GCC_WARN_UNINITIALIZED_AUTOS = YES_AGGRESSIVE;
				GCC_WARN_UNUSED_FUNCTION = YES;
				GCC_WARN_UNUSED_VARIABLE = YES;
				MACOSX_DEPLOYMENT_TARGET = 10.10;
				MTL_ENABLE_DEBUG_INFO = YES;
				ONLY_ACTIVE_ARCH = YES;
				SDKROOT = macosx;
			};
			name = Debug;
		};
		A873CBB61A0ADA0C00C66D77 /* Release */ = {
			isa = XCBuildConfiguration;
			buildSettings = {
				ALWAYS_SEARCH_USER_PATHS = NO;
				CLANG_CXX_LANGUAGE_STANDARD = "gnu++0x";
				CLANG_CXX_LIBRARY = "libc++";
				CLANG_ENABLE_MODULES = YES;
				CLANG_ENABLE_OBJC_ARC = YES;
				CLANG_WARN_BOOL_CONVERSION = YES;
				CLANG_WARN_CONSTANT_CONVERSION = YES;
				CLANG_WARN_DIRECT_OBJC_ISA_USAGE = YES_ERROR;
				CLANG_WARN_EMPTY_BODY = YES;
				CLANG_WARN_ENUM_CONVERSION = YES;
				CLANG_WARN_INT_CONVERSION = YES;
				CLANG_WARN_OBJC_ROOT_CLASS = YES_ERROR;
				CLANG_WARN_UNREACHABLE_CODE = YES;
				CLANG_WARN__DUPLICATE_METHOD_MATCH = YES;
				COPY_PHASE_STRIP = YES;
				DEBUG_INFORMATION_FORMAT = "dwarf-with-dsym";
				ENABLE_NS_ASSERTIONS = NO;
				ENABLE_STRICT_OBJC_MSGSEND = YES;
				GCC_C_LANGUAGE_STANDARD = gnu99;
				GCC_WARN_64_TO_32_BIT_CONVERSION = YES;
				GCC_WARN_ABOUT_RETURN_TYPE = YES_ERROR;
				GCC_WARN_UNDECLARED_SELECTOR = YES;
				GCC_WARN_UNINITIALIZED_AUTOS = YES_AGGRESSIVE;
				GCC_WARN_UNUSED_FUNCTION = YES;
				GCC_WARN_UNUSED_VARIABLE = YES;
				MACOSX_DEPLOYMENT_TARGET = 10.10;
				MTL_ENABLE_DEBUG_INFO = NO;
				SDKROOT = macosx;
			};
			name = Release;
		};
		A873CBB81A0ADA0C00C66D77 /* Debug */ = {
			isa = XCBuildConfiguration;
			buildSettings = {
				PRODUCT_NAME = "$(TARGET_NAME)";
			};
			name = Debug;
		};
		A873CBB91A0ADA0C00C66D77 /* Release */ = {
			isa = XCBuildConfiguration;
			buildSettings = {
				PRODUCT_NAME = "$(TARGET_NAME)";
			};
			name = Release;
		};
/* End XCBuildConfiguration section */

/* Begin XCConfigurationList section */
		A873CBAB1A0ADA0C00C66D77 /* Build configuration list for PBXProject "PA3" */ = {
			isa = XCConfigurationList;
			buildConfigurations = (
				A873CBB51A0ADA0C00C66D77 /* Debug */,
				A873CBB61A0ADA0C00C66D77 /* Release */,
			);
			defaultConfigurationIsVisible = 0;
			defaultConfigurationName = Release;
		};
		A873CBB71A0ADA0C00C66D77 /* Build configuration list for PBXNativeTarget "PA3" */ = {
			isa = XCConfigurationList;
			buildConfigurations = (
				A873CBB81A0ADA0C00C66D77 /* Debug */,
				A873CBB91A0ADA0C00C66D77 /* Release */,
			);
			defaultConfigurationIsVisible = 0;
			defaultConfigurationName = Release;
		};
/* End XCConfigurationList section */
	};
	rootObject = A873CBA81A0ADA0C00C66D77 /* Project object */;
}
