// !$*UTF8*$!
{
	archiveVersion = 1;
	classes = {
	};
	objectVersion = 46;
	objects = {

/* Begin PBXBuildFile section */
		A86DA7711A842A3B00AECE25 /* main.cpp in Sources */ = {isa = PBXBuildFile; fileRef = A86DA7701A842A3B00AECE25 /* main.cpp */; };
/* End PBXBuildFile section */

/* Begin PBXCopyFilesBuildPhase section */
		A86DA76B1A842A3B00AECE25 /* CopyFiles */ = {
			isa = PBXCopyFilesBuildPhase;
			buildActionMask = 2147483647;
			dstPath = /usr/share/man/man1/;
			dstSubfolderSpec = 0;
			files = (
			);
			runOnlyForDeploymentPostprocessing = 1;
		};
/* End PBXCopyFilesBuildPhase section */

/* Begin PBXFileReference section */
		A86DA76D1A842A3B00AECE25 /* MicrosoftComp */ = {isa = PBXFileReference; explicitFileType = "compiled.mach-o.executable"; includeInIndex = 0; path = MicrosoftComp; sourceTree = BUILT_PRODUCTS_DIR; };
		A86DA7701A842A3B00AECE25 /* main.cpp */ = {isa = PBXFileReference; lastKnownFileType = sourcecode.cpp.cpp; path = main.cpp; sourceTree = "<group>"; };
/* End PBXFileReference section */

/* Begin PBXFrameworksBuildPhase section */
		A86DA76A1A842A3B00AECE25 /* Frameworks */ = {
			isa = PBXFrameworksBuildPhase;
			buildActionMask = 2147483647;
			files = (
			);
			runOnlyForDeploymentPostprocessing = 0;
		};
/* End PBXFrameworksBuildPhase section */

/* Begin PBXGroup section */
		A86DA7641A842A3B00AECE25 = {
			isa = PBXGroup;
			children = (
				A86DA76F1A842A3B00AECE25 /* MicrosoftComp */,
				A86DA76E1A842A3B00AECE25 /* Products */,
			);
			sourceTree = "<group>";
		};
		A86DA76E1A842A3B00AECE25 /* Products */ = {
			isa = PBXGroup;
			children = (
				A86DA76D1A842A3B00AECE25 /* MicrosoftComp */,
			);
			name = Products;
			sourceTree = "<group>";
		};
		A86DA76F1A842A3B00AECE25 /* MicrosoftComp */ = {
			isa = PBXGroup;
			children = (
				A86DA7701A842A3B00AECE25 /* main.cpp */,
			);
			path = MicrosoftComp;
			sourceTree = "<group>";
		};
/* End PBXGroup section */

/* Begin PBXNativeTarget section */
		A86DA76C1A842A3B00AECE25 /* MicrosoftComp */ = {
			isa = PBXNativeTarget;
			buildConfigurationList = A86DA7741A842A3B00AECE25 /* Build configuration list for PBXNativeTarget "MicrosoftComp" */;
			buildPhases = (
				A86DA7691A842A3B00AECE25 /* Sources */,
				A86DA76A1A842A3B00AECE25 /* Frameworks */,
				A86DA76B1A842A3B00AECE25 /* CopyFiles */,
			);
			buildRules = (
			);
			dependencies = (
			);
			name = MicrosoftComp;
			productName = MicrosoftComp;
			productReference = A86DA76D1A842A3B00AECE25 /* MicrosoftComp */;
			productType = "com.apple.product-type.tool";
		};
/* End PBXNativeTarget section */

/* Begin PBXProject section */
		A86DA7651A842A3B00AECE25 /* Project object */ = {
			isa = PBXProject;
			attributes = {
				LastUpgradeCheck = 0610;
				ORGANIZATIONNAME = HAMtech;
				TargetAttributes = {
					A86DA76C1A842A3B00AECE25 = {
						CreatedOnToolsVersion = 6.1.1;
					};
				};
			};
			buildConfigurationList = A86DA7681A842A3B00AECE25 /* Build configuration list for PBXProject "MicrosoftComp" */;
			compatibilityVersion = "Xcode 3.2";
			developmentRegion = English;
			hasScannedForEncodings = 0;
			knownRegions = (
				en,
			);
			mainGroup = A86DA7641A842A3B00AECE25;
			productRefGroup = A86DA76E1A842A3B00AECE25 /* Products */;
			projectDirPath = "";
			projectRoot = "";
			targets = (
				A86DA76C1A842A3B00AECE25 /* MicrosoftComp */,
			);
		};
/* End PBXProject section */

/* Begin PBXSourcesBuildPhase section */
		A86DA7691A842A3B00AECE25 /* Sources */ = {
			isa = PBXSourcesBuildPhase;
			buildActionMask = 2147483647;
			files = (
				A86DA7711A842A3B00AECE25 /* main.cpp in Sources */,
			);
			runOnlyForDeploymentPostprocessing = 0;
		};
/* End PBXSourcesBuildPhase section */

/* Begin XCBuildConfiguration section */
		A86DA7721A842A3B00AECE25 /* Debug */ = {
			isa = XCBuildConfiguration;
			buildSettings = {
				ALWAYS_SEARCH_USER_PATHS = NO;
				CLANG_CXX_LANGUAGE_STANDARD = "gnu++0x";
				CLANG_CXX_LIBRARY = "libc++";
				CLANG_ENABLE_MODULES = YES;
				CLANG_ENABLE_OBJC_ARC = YES;
				CLANG_WARN_BOOL_CONVERSION = YES;
				CLANG_WARN_CONSTANT_CONVERSION = YES;
				CLANG_WARN_DIRECT_OBJC_ISA_USAGE = YES_ERROR;
				CLANG_WARN_EMPTY_BODY = YES;
				CLANG_WARN_ENUM_CONVERSION = YES;
				CLANG_WARN_INT_CONVERSION = YES;
				CLANG_WARN_OBJC_ROOT_CLASS = YES_ERROR;
				CLANG_WARN_UNREACHABLE_CODE = YES;
				CLANG_WARN__DUPLICATE_METHOD_MATCH = YES;
				COPY_PHASE_STRIP = NO;
				ENABLE_STRICT_OBJC_MSGSEND = YES;
				GCC_C_LANGUAGE_STANDARD = gnu99;
				GCC_DYNAMIC_NO_PIC = NO;
				GCC_OPTIMIZATION_LEVEL = 0;
				GCC_PREPROCESSOR_DEFINITIONS = (
					"DEBUG=1",
					"$(inherited)",
				);
				GCC_SYMBOLS_PRIVATE_EXTERN = NO;
				GCC_WARN_64_TO_32_BIT_CONVERSION = YES;
				GCC_WARN_ABOUT_RETURN_TYPE = YES_ERROR;
				GCC_WARN_UNDECLARED_SELECTOR = YES;
				GCC_WARN_UNINITIALIZED_AUTOS = YES_AGGRESSIVE;
				GCC_WARN_UNUSED_FUNCTION = YES;
				GCC_WARN_UNUSED_VARIABLE = YES;
				MACOSX_DEPLOYMENT_TARGET = 10.10;
				MTL_ENABLE_DEBUG_INFO = YES;
				ONLY_ACTIVE_ARCH = YES;
				SDKROOT = macosx;
			};
			name = Debug;
		};
		A86DA7731A842A3B00AECE25 /* Release */ = {
			isa = XCBuildConfiguration;
			buildSettings = {
				ALWAYS_SEARCH_USER_PATHS = NO;
				CLANG_CXX_LANGUAGE_STANDARD = "gnu++0x";
				CLANG_CXX_LIBRARY = "libc++";
				CLANG_ENABLE_MODULES = YES;
				CLANG_ENABLE_OBJC_ARC = YES;
				CLANG_WARN_BOOL_CONVERSION = YES;
				CLANG_WARN_CONSTANT_CONVERSION = YES;
				CLANG_WARN_DIRECT_OBJC_ISA_USAGE = YES_ERROR;
				CLANG_WARN_EMPTY_BODY = YES;
				CLANG_WARN_ENUM_CONVERSION = YES;
				CLANG_WARN_INT_CONVERSION = YES;
				CLANG_WARN_OBJC_ROOT_CLASS = YES_ERROR;
				CLANG_WARN_UNREACHABLE_CODE = YES;
				CLANG_WARN__DUPLICATE_METHOD_MATCH = YES;
				COPY_PHASE_STRIP = YES;
				DEBUG_INFORMATION_FORMAT = "dwarf-with-dsym";
				ENABLE_NS_ASSERTIONS = NO;
				ENABLE_STRICT_OBJC_MSGSEND = YES;
				GCC_C_LANGUAGE_STANDARD = gnu99;
				GCC_WARN_64_TO_32_BIT_CONVERSION = YES;
				GCC_WARN_ABOUT_RETURN_TYPE = YES_ERROR;
				GCC_WARN_UNDECLARED_SELECTOR = YES;
				GCC_WARN_UNINITIALIZED_AUTOS = YES_AGGRESSIVE;
				GCC_WARN_UNUSED_FUNCTION = YES;
				GCC_WARN_UNUSED_VARIABLE = YES;
				MACOSX_DEPLOYMENT_TARGET = 10.10;
				MTL_ENABLE_DEBUG_INFO = NO;
				SDKROOT = macosx;
			};
			name = Release;
		};
		A86DA7751A842A3B00AECE25 /* Debug */ = {
			isa = XCBuildConfiguration;
			buildSettings = {
				PRODUCT_NAME = "$(TARGET_NAME)";
			};
			name = Debug;
		};
		A86DA7761A842A3B00AECE25 /* Release */ = {
			isa = XCBuildConfiguration;
			buildSettings = {
				PRODUCT_NAME = "$(TARGET_NAME)";
			};
			name = Release;
		};
/* End XCBuildConfiguration section */

/* Begin XCConfigurationList section */
		A86DA7681A842A3B00AECE25 /* Build configuration list for PBXProject "MicrosoftComp" */ = {
			isa = XCConfigurationList;
			buildConfigurations = (
				A86DA7721A842A3B00AECE25 /* Debug */,
				A86DA7731A842A3B00AECE25 /* Release */,
			);
			defaultConfigurationIsVisible = 0;
			defaultConfigurationName = Release;
		};
		A86DA7741A842A3B00AECE25 /* Build configuration list for PBXNativeTarget "MicrosoftComp" */ = {
			isa = XCConfigurationList;
			buildConfigurations = (
				A86DA7751A842A3B00AECE25 /* Debug */,
				A86DA7761A842A3B00AECE25 /* Release */,
			);
			defaultConfigurationIsVisible = 0;
		};
/* End XCConfigurationList section */
	};
	rootObject = A86DA7651A842A3B00AECE25 /* Project object */;
}
